<?xml version="1.0" encoding="utf-8"?>
<Project ToolsVersion="4.0" xmlns="http://schemas.microsoft.com/developer/msbuild/2003">
  <ItemGroup>
    <Filter Include="源文件">
      <UniqueIdentifier>{4FC737F1-C7A5-4376-A066-2A32D752A2FF}</UniqueIdentifier>
      <Extensions>cpp;c;cc;cxx;def;odl;idl;hpj;bat;asm;asmx</Extensions>
    </Filter>
    <Filter Include="头文件">
      <UniqueIdentifier>{93995380-89BD-4b04-88EB-625FBE52EBFB}</UniqueIdentifier>
      <Extensions>h;hh;hpp;hxx;hm;inl;inc;ipp;xsd</Extensions>
    </Filter>
    <Filter Include="资源文件">
      <UniqueIdentifier>{67DA6AB6-F800-4c08-8B7A-83BB121AAD01}</UniqueIdentifier>
      <Extensions>rc;ico;cur;bmp;dlg;rc2;rct;bin;rgs;gif;jpg;jpeg;jpe;resx;tiff;tif;png;wav;mfcribbon-ms</Extensions>
    </Filter>
  </ItemGroup>
  <ItemGroup>
    <ClInclude Include="MFCApplication2.h">
      <Filter>头文件</Filter>
    </ClInclude>
    <ClInclude Include="MFCApplication2Dlg.h">
      <Filter>头文件</Filter>
    </ClInclude>
    <ClInclude Include="stdafx.h">
      <Filter>头文件</Filter>
    </ClInclude>
    <ClInclude Include="targetver.h">
      <Filter>头文件</Filter>
    </ClInclude>
    <ClInclude Include="Resource.h">
      <Filter>头文件</Filter>
    </ClInclude>
    <ClInclude Include="ClogIn.h">
      <Filter>头文件</Filter>
    </ClInclude>
    <ClInclude Include="indexDialog.h">
      <Filter>头文件</Filter>
    </ClInclude>
    <ClInclude Include="knowledgeDialog.h">
      <Filter>头文件</Filter>
    </ClInclude>
    <ClInclude Include="ThingOfCar.h">
      <Filter>头文件</Filter>
    </ClInclude>
    <ClInclude Include="picture1.h">
      <Filter>头文件</Filter>
    </ClInclude>
    <ClInclude Include="picture2.h">
      <Filter>头文件</Filter>
    </ClInclude>
    <ClInclude Include="Repair0.h">
      <Filter>头文件</Filter>
    </ClInclude>
    <ClInclude Include="Repair1.h">
      <Filter>头文件</Filter>
    </ClInclude>
    <ClInclude Include="Repair2.h">
      <Filter>头文件</Filter>
    </ClInclude>
    <ClInclude Include="Repair3.h">
      <Filter>头文件</Filter>
    </ClInclude>
    <ClInclude Include="Repair4.h">
      <Filter>头文件</Filter>
    </ClInclude>
    <ClInclude Include="Repair5.h">
      <Filter>头文件</Filter>
    </ClInclude>
    <ClInclude Include="Itemindex.h">
      <Filter>头文件</Filter>
    </ClInclude>
    <ClInclude Include="GaSMaker_.h">
      <Filter>头文件</Filter>
    </ClInclude>
    <ClInclude Include="Crash.h">
      <Filter>头文件</Filter>
    </ClInclude>
    <ClInclude Include="Secret.h">
      <Filter>头文件</Filter>
    </ClInclude>
  </ItemGroup>
  <ItemGroup>
    <ClCompile Include="MFCApplication2.cpp">
      <Filter>源文件</Filter>
    </ClCompile>
    <ClCompile Include="MFCApplication2Dlg.cpp">
      <Filter>源文件</Filter>
    </ClCompile>
    <ClCompile Include="stdafx.cpp">
      <Filter>源文件</Filter>
    </ClCompile>
    <ClCompile Include="ClogIn.cpp">
      <Filter>源文件</Filter>
    </ClCompile>
    <ClCompile Include="indexDialog.cpp">
      <Filter>源文件</Filter>
    </ClCompile>
    <ClCompile Include="knowledgeDialog.cpp">
      <Filter>源文件</Filter>
    </ClCompile>
    <ClCompile Include="ThingOfCar.cpp">
      <Filter>源文件</Filter>
    </ClCompile>
    <ClCompile Include="picture1.cpp">
      <Filter>源文件</Filter>
    </ClCompile>
    <ClCompile Include="picture2.cpp">
      <Filter>源文件</Filter>
    </ClCompile>
    <ClCompile Include="Repair0.cpp">
      <Filter>源文件</Filter>
    </ClCompile>
    <ClCompile Include="Repair1.cpp">
      <Filter>源文件</Filter>
    </ClCompile>
    <ClCompile Include="Repair2.cpp">
      <Filter>源文件</Filter>
    </ClCompile>
    <ClCompile Include="Repair3.cpp">
      <Filter>源文件</Filter>
    </ClCompile>
    <ClCompile Include="Repair4.cpp">
      <Filter>源文件</Filter>
    </ClCompile>
    <ClCompile Include="Repair5.cpp">
      <Filter>源文件</Filter>
    </ClCompile>
    <ClCompile Include="Itemindex.cpp">
      <Filter>源文件</Filter>
    </ClCompile>
    <ClCompile Include="GaSMaker_.cpp">
      <Filter>源文件</Filter>
    </ClCompile>
    <ClCompile Include="Crash.cpp">
      <Filter>源文件</Filter>
    </ClCompile>
    <ClCompile Include="Secret.cpp">
      <Filter>源文件</Filter>
    </ClCompile>
  </ItemGroup>
  <ItemGroup>
    <ResourceCompile Include="MFCApplication2.rc">
      <Filter>资源文件</Filter>
    </ResourceCompile>
  </ItemGroup>
  <ItemGroup>
    <None Include="res\MFCApplication2.rc2">
      <Filter>资源文件</Filter>
    </None>
    <None Include="res\repair_m.bin">
      <Filter>资源文件</Filter>
    </None>
  </ItemGroup>
  <ItemGroup>
    <Image Include="res\MFCApplication2.ico">
      <Filter>资源文件</Filter>
    </Image>
    <Image Include="res\bitmap1.bmp">
      <Filter>资源文件</Filter>
    </Image>
    <Image Include="..\..\..\..\Desktop\timg (1).bmp">
      <Filter>资源文件</Filter>
    </Image>
    <Image Include="res\icon1.ico">
      <Filter>资源文件</Filter>
    </Image>
    <Image Include="..\..\..\..\Desktop\car.bmp">
      <Filter>资源文件</Filter>
    </Image>
    <Image Include="..\..\..\..\Desktop\123.bmp">
      <Filter>资源文件</Filter>
    </Image>
    <Image Include="..\..\..\..\Desktop\SE1Q%OG4VQIYL1{_D$O%40FCT.bmp">
      <Filter>资源文件</Filter>
    </Image>
    <Image Include="..\..\..\..\Downloads\bitbug_favicon.ico">
      <Filter>资源文件</Filter>
    </Image>
    <Image Include="res\icon3.ico">
      <Filter>资源文件</Filter>
    </Image>
    <Image Include="..\..\..\..\Desktop\未标题-2.bmp">
      <Filter>资源文件</Filter>
    </Image>
    <Image Include="..\..\..\..\Desktop\p1.bmp">
      <Filter>资源文件</Filter>
    </Image>
    <Image Include="..\..\..\..\Desktop\2.bmp">
      <Filter>资源文件</Filter>
    </Image>
    <Image Include="..\..\..\..\Downloads\bitbug_favicon (1).ico">
      <Filter>资源文件</Filter>
    </Image>
  </ItemGroup>
</Project>